
Microsoft Visual Studio Solution File, Format Version 12.00
# Visual Studio Version 17
VisualStudioVersion = 17.0.31903.59
MinimumVisualStudioVersion = 10.0.40219.1
Project("{FAE04EC0-301F-11D3-BF4B-00C04F79EFBC}") = "API", "API\API.csproj", "{2A6B5544-708F-4ADC-880A-CCEB2C568CF9}"
EndProject
Project("{FAE04EC0-301F-11D3-BF4B-00C04F79EFBC}") = "Core", "Core\Core.csproj", "{B4BC8F03-B0DF-40F0-9918-906B7C5A7285}"
EndProject
Project("{FAE04EC0-301F-11D3-BF4B-00C04F79EFBC}") = "Infrastructure", "Infrastructure\Infrastructure.csproj", "{348BF2F7-4790-44DF-8290-985B44B8E2F5}"
EndProject
Global
	GlobalSection(SolutionConfigurationPlatforms) = preSolution
		Debug|Any CPU = Debug|Any CPU
		Release|Any CPU = Release|Any CPU
	EndGlobalSection
	GlobalSection(SolutionProperties) = preSolution
		HideSolutionNode = FALSE
	EndGlobalSection
	GlobalSection(ProjectConfigurationPlatforms) = postSolution
		{2A6B5544-708F-4ADC-880A-CCEB2C568CF9}.Debug|Any CPU.ActiveCfg = Debug|Any CPU
		{2A6B5544-708F-4ADC-880A-CCEB2C568CF9}.Debug|Any CPU.Build.0 = Debug|Any CPU
		{2A6B5544-708F-4ADC-880A-CCEB2C568CF9}.Release|Any CPU.ActiveCfg = Release|Any CPU
		{2A6B5544-708F-4ADC-880A-CCEB2C568CF9}.Release|Any CPU.Build.0 = Release|Any CPU
		{B4BC8F03-B0DF-40F0-9918-906B7C5A7285}.Debug|Any CPU.ActiveCfg = Debug|Any CPU
		{B4BC8F03-B0DF-40F0-9918-906B7C5A7285}.Debug|Any CPU.Build.0 = Debug|Any CPU
		{B4BC8F03-B0DF-40F0-9918-906B7C5A7285}.Release|Any CPU.ActiveCfg = Release|Any CPU
		{B4BC8F03-B0DF-40F0-9918-906B7C5A7285}.Release|Any CPU.Build.0 = Release|Any CPU
		{348BF2F7-4790-44DF-8290-985B44B8E2F5}.Debug|Any CPU.ActiveCfg = Debug|Any CPU
		{348BF2F7-4790-44DF-8290-985B44B8E2F5}.Debug|Any CPU.Build.0 = Debug|Any CPU
		{348BF2F7-4790-44DF-8290-985B44B8E2F5}.Release|Any CPU.ActiveCfg = Release|Any CPU
		{348BF2F7-4790-44DF-8290-985B44B8E2F5}.Release|Any CPU.Build.0 = Release|Any CPU
	EndGlobalSection
EndGlobal
